
Microsoft Visual Studio Solution File, Format Version 12.00
# Visual Studio Version 17
VisualStudioVersion = 17.14.36221.1 d17.14
MinimumVisualStudioVersion = 10.0.40219.1
Project("{FAE04EC0-301F-11D3-BF4B-00C04F79EFBC}") = "taskProject", "taskProject\taskProject.csproj", "{FF04351A-71A2-4AD4-A77D-DCDC9DF90B2D}"
EndProject
Global
	GlobalSection(SolutionConfigurationPlatforms) = preSolution
		Debug|Any CPU = Debug|Any CPU
		Release|Any CPU = Release|Any CPU
	EndGlobalSection
	GlobalSection(ProjectConfigurationPlatforms) = postSolution
		{FF04351A-71A2-4AD4-A77D-DCDC9DF90B2D}.Debug|Any CPU.ActiveCfg = Debug|Any CPU
		{FF04351A-71A2-4AD4-A77D-DCDC9DF90B2D}.Debug|Any CPU.Build.0 = Debug|Any CPU
		{FF04351A-71A2-4AD4-A77D-DCDC9DF90B2D}.Release|Any CPU.ActiveCfg = Release|Any CPU
		{FF04351A-71A2-4AD4-A77D-DCDC9DF90B2D}.Release|Any CPU.Build.0 = Release|Any CPU
	EndGlobalSection
	GlobalSection(SolutionProperties) = preSolution
		HideSolutionNode = FALSE
	EndGlobalSection
	GlobalSection(ExtensibilityGlobals) = postSolution
		SolutionGuid = {6F7AE2BD-69CC-4C68-BF54-3AC47C51EFFF}
	EndGlobalSection
EndGlobal
